// !$*UTF8*$!
{
	archiveVersion = 1;
	classes = {
	};
	objectVersion = 77;
	objects = {

/* Begin PBXBuildFile section */
		B134048C2FCE0EE30012EB6E /* Localizable.xcstrings in Resources */ = {isa = PBXBuildFile; fileRef = B13404792FCE0EE30012EB6E /* Localizable.xcstrings */; };
		B13404982FCE16CB0012EB6E /* Core in Frameworks */ = {isa = PBXBuildFile; productRef = B13404972FCE16CB0012EB6E /* Core */; };
		B134049A2FCE16CF0012EB6E /* Biomarkers in Frameworks */ = {isa = PBXBuildFile; productRef = B13404992FCE16CF0012EB6E /* Biomarkers */; };
		B134049C2FCE16D50012EB6E /* DietEvents in Frameworks */ = {isa = PBXBuildFile; productRef = B134049B2FCE16D50012EB6E /* DietEvents */; };
		B134049E2FCE16D80012EB6E /* FoodDiary in Frameworks */ = {isa = PBXBuildFile; productRef = B134049D2FCE16D80012EB6E /* FoodDiary */; };
		B13404B02FCE20000012EB6E /* MealPlans in Frameworks */ = {isa = PBXBuildFile; productRef = B13404B12FCE20000012EB6E /* MealPlans */; };
		B13404A02FCE16DC0012EB6E /* BodyMetrics in Frameworks */ = {isa = PBXBuildFile; productRef = B134049F2FCE16DC0012EB6E /* BodyMetrics */; };
		B13404A22FCE16E30012EB6E /* HealthSync in Frameworks */ = {isa = PBXBuildFile; productRef = B13404A12FCE16E30012EB6E /* HealthSync */; };
		B13404A42FCE16E70012EB6E /* Account in Frameworks */ = {isa = PBXBuildFile; productRef = B13404A32FCE16E70012EB6E /* Account */; };
		B13404A72FCE18510012EB6E /* AppAuth in Frameworks */ = {isa = PBXBuildFile; productRef = B13404A62FCE18510012EB6E /* AppAuth */; };
/* End PBXBuildFile section */

/* Begin PBXContainerItemProxy section */
		B13404442FCE0D910012EB6E /* PBXContainerItemProxy */ = {
			isa = PBXContainerItemProxy;
			containerPortal = B134042E2FCE0D8E0012EB6E /* Project object */;
			proxyType = 1;
			remoteGlobalIDString = B13404352FCE0D8E0012EB6E;
			remoteInfo = EmpiricalTracker;
		};
		B134044E2FCE0D910012EB6E /* PBXContainerItemProxy */ = {
			isa = PBXContainerItemProxy;
			containerPortal = B134042E2FCE0D8E0012EB6E /* Project object */;
			proxyType = 1;
			remoteGlobalIDString = B13404352FCE0D8E0012EB6E;
			remoteInfo = EmpiricalTracker;
		};
/* End PBXContainerItemProxy section */

/* Begin PBXFileReference section */
		B13404362FCE0D8E0012EB6E /* EmpiricalTracker.app */ = {isa = PBXFileReference; explicitFileType = wrapper.application; includeInIndex = 0; path = EmpiricalTracker.app; sourceTree = BUILT_PRODUCTS_DIR; };
		B13404432FCE0D910012EB6E /* EmpiricalTrackerTests.xctest */ = {isa = PBXFileReference; explicitFileType = wrapper.cfbundle; includeInIndex = 0; path = EmpiricalTrackerTests.xctest; sourceTree = BUILT_PRODUCTS_DIR; };
		B134044D2FCE0D910012EB6E /* EmpiricalTrackerUITests.xctest */ = {isa = PBXFileReference; explicitFileType = wrapper.cfbundle; includeInIndex = 0; path = EmpiricalTrackerUITests.xctest; sourceTree = BUILT_PRODUCTS_DIR; };
		B13404792FCE0EE30012EB6E /* Localizable.xcstrings */ = {isa = PBXFileReference; lastKnownFileType = text.json.xcstrings; path = Localizable.xcstrings; sourceTree = "<group>"; };
		B13405682FCE91100012EB6E /* Config.xcconfig */ = {isa = PBXFileReference; lastKnownFileType = text.xcconfig; path = Config.xcconfig; sourceTree = "<group>"; };
/* End PBXFileReference section */

/* Begin PBXFileSystemSynchronizedBuildFileExceptionSet section */
		B13405652FCE2BD20012EB6E /* Exceptions for "EmpiricalTracker" folder in "EmpiricalTracker" target */ = {
			isa = PBXFileSystemSynchronizedBuildFileExceptionSet;
			membershipExceptions = (
				Info.plist,
			);
			target = B13404352FCE0D8E0012EB6E /* EmpiricalTracker */;
		};
/* End PBXFileSystemSynchronizedBuildFileExceptionSet section */

/* Begin PBXFileSystemSynchronizedRootGroup section */
		B13404382FCE0D8E0012EB6E /* EmpiricalTracker */ = {
			isa = PBXFileSystemSynchronizedRootGroup;
			exceptions = (
				B13405652FCE2BD20012EB6E /* Exceptions for "EmpiricalTracker" folder in "EmpiricalTracker" target */,
			);
			path = EmpiricalTracker;
			sourceTree = "<group>";
		};
		B13404462FCE0D910012EB6E /* EmpiricalTrackerTests */ = {
			isa = PBXFileSystemSynchronizedRootGroup;
			path = EmpiricalTrackerTests;
			sourceTree = "<group>";
		};
		B13404502FCE0D910012EB6E /* EmpiricalTrackerUITests */ = {
			isa = PBXFileSystemSynchronizedRootGroup;
			path = EmpiricalTrackerUITests;
			sourceTree = "<group>";
		};
/* End PBXFileSystemSynchronizedRootGroup section */

/* Begin PBXFrameworksBuildPhase section */
		B13404332FCE0D8E0012EB6E /* Frameworks */ = {
			isa = PBXFrameworksBuildPhase;
			buildActionMask = 2147483647;
			files = (
				B134049C2FCE16D50012EB6E /* DietEvents in Frameworks */,
				B13404982FCE16CB0012EB6E /* Core in Frameworks */,
				B13404A72FCE18510012EB6E /* AppAuth in Frameworks */,
				B13404A02FCE16DC0012EB6E /* BodyMetrics in Frameworks */,
				B13404A42FCE16E70012EB6E /* Account in Frameworks */,
				B13404A22FCE16E30012EB6E /* HealthSync in Frameworks */,
				B134049E2FCE16D80012EB6E /* FoodDiary in Frameworks */,
				B13404B02FCE20000012EB6E /* MealPlans in Frameworks */,
				B134049A2FCE16CF0012EB6E /* Biomarkers in Frameworks */,
			);
			runOnlyForDeploymentPostprocessing = 0;
		};
		B13404402FCE0D910012EB6E /* Frameworks */ = {
			isa = PBXFrameworksBuildPhase;
			buildActionMask = 2147483647;
			files = (
			);
			runOnlyForDeploymentPostprocessing = 0;
		};
		B134044A2FCE0D910012EB6E /* Frameworks */ = {
			isa = PBXFrameworksBuildPhase;
			buildActionMask = 2147483647;
			files = (
			);
			runOnlyForDeploymentPostprocessing = 0;
		};
/* End PBXFrameworksBuildPhase section */

/* Begin PBXGroup section */
		B134042D2FCE0D8E0012EB6E = {
			isa = PBXGroup;
			children = (
				B13405682FCE91100012EB6E /* Config.xcconfig */,
				B13404792FCE0EE30012EB6E /* Localizable.xcstrings */,
				B13404382FCE0D8E0012EB6E /* EmpiricalTracker */,
				B13404462FCE0D910012EB6E /* EmpiricalTrackerTests */,
				B13404502FCE0D910012EB6E /* EmpiricalTrackerUITests */,
				B13404962FCE16CB0012EB6E /* Frameworks */,
				B13404372FCE0D8E0012EB6E /* Products */,
			);
			sourceTree = "<group>";
		};
		B13404372FCE0D8E0012EB6E /* Products */ = {
			isa = PBXGroup;
			children = (
				B13404362FCE0D8E0012EB6E /* EmpiricalTracker.app */,
				B13404432FCE0D910012EB6E /* EmpiricalTrackerTests.xctest */,
				B134044D2FCE0D910012EB6E /* EmpiricalTrackerUITests.xctest */,
			);
			name = Products;
			sourceTree = "<group>";
		};
		B13404962FCE16CB0012EB6E /* Frameworks */ = {
			isa = PBXGroup;
			children = (
			);
			name = Frameworks;
			sourceTree = "<group>";
		};
/* End PBXGroup section */

/* Begin PBXNativeTarget section */
		B13404352FCE0D8E0012EB6E /* EmpiricalTracker */ = {
			isa = PBXNativeTarget;
			buildConfigurationList = B13404572FCE0D910012EB6E /* Build configuration list for PBXNativeTarget "EmpiricalTracker" */;
			buildPhases = (
				B13404322FCE0D8E0012EB6E /* Sources */,
				B13404332FCE0D8E0012EB6E /* Frameworks */,
				B13404342FCE0D8E0012EB6E /* Resources */,
			);
			buildRules = (
			);
			dependencies = (
			);
			fileSystemSynchronizedGroups = (
				B13404382FCE0D8E0012EB6E /* EmpiricalTracker */,
			);
			name = EmpiricalTracker;
			packageProductDependencies = (
				B13404972FCE16CB0012EB6E /* Core */,
				B13404992FCE16CF0012EB6E /* Biomarkers */,
				B134049B2FCE16D50012EB6E /* DietEvents */,
				B134049D2FCE16D80012EB6E /* FoodDiary */,
				B13404B12FCE20000012EB6E /* MealPlans */,
				B134049F2FCE16DC0012EB6E /* BodyMetrics */,
				B13404A12FCE16E30012EB6E /* HealthSync */,
				B13404A32FCE16E70012EB6E /* Account */,
				B13404A62FCE18510012EB6E /* AppAuth */,
			);
			productName = EmpiricalTracker;
			productReference = B13404362FCE0D8E0012EB6E /* EmpiricalTracker.app */;
			productType = "com.apple.product-type.application";
		};
		B13404422FCE0D910012EB6E /* EmpiricalTrackerTests */ = {
			isa = PBXNativeTarget;
			buildConfigurationList = B134045A2FCE0D910012EB6E /* Build configuration list for PBXNativeTarget "EmpiricalTrackerTests" */;
			buildPhases = (
				B134043F2FCE0D910012EB6E /* Sources */,
				B13404402FCE0D910012EB6E /* Frameworks */,
				B13404412FCE0D910012EB6E /* Resources */,
			);
			buildRules = (
			);
			dependencies = (
				B13404452FCE0D910012EB6E /* PBXTargetDependency */,
			);
			fileSystemSynchronizedGroups = (
				B13404462FCE0D910012EB6E /* EmpiricalTrackerTests */,
			);
			name = EmpiricalTrackerTests;
			packageProductDependencies = (
			);
			productName = EmpiricalTrackerTests;
			productReference = B13404432FCE0D910012EB6E /* EmpiricalTrackerTests.xctest */;
			productType = "com.apple.product-type.bundle.unit-test";
		};
		B134044C2FCE0D910012EB6E /* EmpiricalTrackerUITests */ = {
			isa = PBXNativeTarget;
			buildConfigurationList = B134045D2FCE0D910012EB6E /* Build configuration list for PBXNativeTarget "EmpiricalTrackerUITests" */;
			buildPhases = (
				B13404492FCE0D910012EB6E /* Sources */,
				B134044A2FCE0D910012EB6E /* Frameworks */,
				B134044B2FCE0D910012EB6E /* Resources */,
			);
			buildRules = (
			);
			dependencies = (
				B134044F2FCE0D910012EB6E /* PBXTargetDependency */,
			);
			fileSystemSynchronizedGroups = (
				B13404502FCE0D910012EB6E /* EmpiricalTrackerUITests */,
			);
			name = EmpiricalTrackerUITests;
			packageProductDependencies = (
			);
			productName = EmpiricalTrackerUITests;
			productReference = B134044D2FCE0D910012EB6E /* EmpiricalTrackerUITests.xctest */;
			productType = "com.apple.product-type.bundle.ui-testing";
		};
/* End PBXNativeTarget section */

/* Begin PBXProject section */
		B134042E2FCE0D8E0012EB6E /* Project object */ = {
			isa = PBXProject;
			attributes = {
				BuildIndependentTargetsInParallel = 1;
				LastSwiftUpdateCheck = 2640;
				LastUpgradeCheck = 2640;
				TargetAttributes = {
					B13404352FCE0D8E0012EB6E = {
						CreatedOnToolsVersion = 26.4.1;
					};
					B13404422FCE0D910012EB6E = {
						CreatedOnToolsVersion = 26.4.1;
						TestTargetID = B13404352FCE0D8E0012EB6E;
					};
					B134044C2FCE0D910012EB6E = {
						CreatedOnToolsVersion = 26.4.1;
						TestTargetID = B13404352FCE0D8E0012EB6E;
					};
				};
			};
			buildConfigurationList = B13404312FCE0D8E0012EB6E /* Build configuration list for PBXProject "EmpiricalTracker" */;
			developmentRegion = en;
			hasScannedForEncodings = 0;
			knownRegions = (
				en,
				Base,
				nb,
			);
			mainGroup = B134042D2FCE0D8E0012EB6E;
			minimizedProjectReferenceProxies = 1;
			packageReferences = (
				B134048D2FCE0F720012EB6E /* XCLocalSwiftPackageReference "Packages/Core" */,
				B134048E2FCE0F8A0012EB6E /* XCLocalSwiftPackageReference "Packages/Biomarkers" */,
				B134048F2FCE0F9E0012EB6E /* XCLocalSwiftPackageReference "Packages/DietEvents" */,
				B13404902FCE0FAB0012EB6E /* XCLocalSwiftPackageReference "Packages/FoodDiary" */,
				B13404B22FCE20000012EB6E /* XCLocalSwiftPackageReference "Packages/MealPlans" */,
				B13404912FCE0FBA0012EB6E /* XCLocalSwiftPackageReference "Packages/BodyMetrics" */,
				B13404922FCE0FC90012EB6E /* XCLocalSwiftPackageReference "Packages/HealthSync" */,
				B13404932FCE0FDB0012EB6E /* XCLocalSwiftPackageReference "Packages/Account" */,
				B13404A52FCE183D0012EB6E /* XCLocalSwiftPackageReference "Packages/Auth" */,
			);
			preferredProjectObjectVersion = 77;
			productRefGroup = B13404372FCE0D8E0012EB6E /* Products */;
			projectDirPath = "";
			projectRoot = "";
			targets = (
				B13404352FCE0D8E0012EB6E /* EmpiricalTracker */,
				B13404422FCE0D910012EB6E /* EmpiricalTrackerTests */,
				B134044C2FCE0D910012EB6E /* EmpiricalTrackerUITests */,
			);
		};
/* End PBXProject section */

/* Begin PBXResourcesBuildPhase section */
		B13404342FCE0D8E0012EB6E /* Resources */ = {
			isa = PBXResourcesBuildPhase;
			buildActionMask = 2147483647;
			files = (
				B134048C2FCE0EE30012EB6E /* Localizable.xcstrings in Resources */,
			);
			runOnlyForDeploymentPostprocessing = 0;
		};
		B13404412FCE0D910012EB6E /* Resources */ = {
			isa = PBXResourcesBuildPhase;
			buildActionMask = 2147483647;
			files = (
			);
			runOnlyForDeploymentPostprocessing = 0;
		};
		B134044B2FCE0D910012EB6E /* Resources */ = {
			isa = PBXResourcesBuildPhase;
			buildActionMask = 2147483647;
			files = (
			);
			runOnlyForDeploymentPostprocessing = 0;
		};
/* End PBXResourcesBuildPhase section */

/* Begin PBXSourcesBuildPhase section */
		B13404322FCE0D8E0012EB6E /* Sources */ = {
			isa = PBXSourcesBuildPhase;
			buildActionMask = 2147483647;
			files = (
			);
			runOnlyForDeploymentPostprocessing = 0;
		};
		B134043F2FCE0D910012EB6E /* Sources */ = {
			isa = PBXSourcesBuildPhase;
			buildActionMask = 2147483647;
			files = (
			);
			runOnlyForDeploymentPostprocessing = 0;
		};
		B13404492FCE0D910012EB6E /* Sources */ = {
			isa = PBXSourcesBuildPhase;
			buildActionMask = 2147483647;
			files = (
			);
			runOnlyForDeploymentPostprocessing = 0;
		};
/* End PBXSourcesBuildPhase section */

/* Begin PBXTargetDependency section */
		B13404452FCE0D910012EB6E /* PBXTargetDependency */ = {
			isa = PBXTargetDependency;
			target = B13404352FCE0D8E0012EB6E /* EmpiricalTracker */;
			targetProxy = B13404442FCE0D910012EB6E /* PBXContainerItemProxy */;
		};
		B134044F2FCE0D910012EB6E /* PBXTargetDependency */ = {
			isa = PBXTargetDependency;
			target = B13404352FCE0D8E0012EB6E /* EmpiricalTracker */;
			targetProxy = B134044E2FCE0D910012EB6E /* PBXContainerItemProxy */;
		};
/* End PBXTargetDependency section */

/* Begin XCBuildConfiguration section */
		B13404552FCE0D910012EB6E /* Debug */ = {
			isa = XCBuildConfiguration;
			buildSettings = {
				ALWAYS_SEARCH_USER_PATHS = NO;
				ASSETCATALOG_COMPILER_GENERATE_SWIFT_ASSET_SYMBOL_EXTENSIONS = YES;
				CLANG_ANALYZER_NONNULL = YES;
				CLANG_ANALYZER_NUMBER_OBJECT_CONVERSION = YES_AGGRESSIVE;
				CLANG_CXX_LANGUAGE_STANDARD = "gnu++20";
				CLANG_ENABLE_MODULES = YES;
				CLANG_ENABLE_OBJC_ARC = YES;
				CLANG_ENABLE_OBJC_WEAK = YES;
				CLANG_WARN_BLOCK_CAPTURE_AUTORELEASING = YES;
				CLANG_WARN_BOOL_CONVERSION = YES;
				CLANG_WARN_COMMA = YES;
				CLANG_WARN_CONSTANT_CONVERSION = YES;
				CLANG_WARN_DEPRECATED_OBJC_IMPLEMENTATIONS = YES;
				CLANG_WARN_DIRECT_OBJC_ISA_USAGE = YES_ERROR;
				CLANG_WARN_DOCUMENTATION_COMMENTS = YES;
				CLANG_WARN_EMPTY_BODY = YES;
				CLANG_WARN_ENUM_CONVERSION = YES;
				CLANG_WARN_INFINITE_RECURSION = YES;
				CLANG_WARN_INT_CONVERSION = YES;
				CLANG_WARN_NON_LITERAL_NULL_CONVERSION = YES;
				CLANG_WARN_OBJC_IMPLICIT_RETAIN_SELF = YES;
				CLANG_WARN_OBJC_LITERAL_CONVERSION = YES;
				CLANG_WARN_OBJC_ROOT_CLASS = YES_ERROR;
				CLANG_WARN_QUOTED_INCLUDE_IN_FRAMEWORK_HEADER = YES;
				CLANG_WARN_RANGE_LOOP_ANALYSIS = YES;
				CLANG_WARN_STRICT_PROTOTYPES = YES;
				CLANG_WARN_SUSPICIOUS_MOVE = YES;
				CLANG_WARN_UNGUARDED_AVAILABILITY = YES_AGGRESSIVE;
				CLANG_WARN_UNREACHABLE_CODE = YES;
				CLANG_WARN__DUPLICATE_METHOD_MATCH = YES;
				COPY_PHASE_STRIP = NO;
				DEBUG_INFORMATION_FORMAT = dwarf;
				ENABLE_STRICT_OBJC_MSGSEND = YES;
				ENABLE_TESTABILITY = YES;
				ENABLE_USER_SCRIPT_SANDBOXING = YES;
				GCC_C_LANGUAGE_STANDARD = gnu17;
				GCC_DYNAMIC_NO_PIC = NO;
				GCC_NO_COMMON_BLOCKS = YES;
				GCC_OPTIMIZATION_LEVEL = 0;
				GCC_PREPROCESSOR_DEFINITIONS = (
					"DEBUG=1",
					"$(inherited)",
				);
				GCC_WARN_64_TO_32_BIT_CONVERSION = YES;
				GCC_WARN_ABOUT_RETURN_TYPE = YES_ERROR;
				GCC_WARN_UNDECLARED_SELECTOR = YES;
				GCC_WARN_UNINITIALIZED_AUTOS = YES_AGGRESSIVE;
				GCC_WARN_UNUSED_FUNCTION = YES;
				GCC_WARN_UNUSED_VARIABLE = YES;
				IPHONEOS_DEPLOYMENT_TARGET = 26.4;
				LOCALIZATION_PREFERS_STRING_CATALOGS = YES;
				MTL_ENABLE_DEBUG_INFO = INCLUDE_SOURCE;
				MTL_FAST_MATH = YES;
				ONLY_ACTIVE_ARCH = YES;
				SDKROOT = iphoneos;
				SWIFT_ACTIVE_COMPILATION_CONDITIONS = "DEBUG $(inherited)";
				SWIFT_OPTIMIZATION_LEVEL = "-Onone";
			};
			name = Debug;
		};
		B13404562FCE0D910012EB6E /* Release */ = {
			isa = XCBuildConfiguration;
			buildSettings = {
				ALWAYS_SEARCH_USER_PATHS = NO;
				ASSETCATALOG_COMPILER_GENERATE_SWIFT_ASSET_SYMBOL_EXTENSIONS = YES;
				CLANG_ANALYZER_NONNULL = YES;
				CLANG_ANALYZER_NUMBER_OBJECT_CONVERSION = YES_AGGRESSIVE;
				CLANG_CXX_LANGUAGE_STANDARD = "gnu++20";
				CLANG_ENABLE_MODULES = YES;
				CLANG_ENABLE_OBJC_ARC = YES;
				CLANG_ENABLE_OBJC_WEAK = YES;
				CLANG_WARN_BLOCK_CAPTURE_AUTORELEASING = YES;
				CLANG_WARN_BOOL_CONVERSION = YES;
				CLANG_WARN_COMMA = YES;
				CLANG_WARN_CONSTANT_CONVERSION = YES;
				CLANG_WARN_DEPRECATED_OBJC_IMPLEMENTATIONS = YES;
				CLANG_WARN_DIRECT_OBJC_ISA_USAGE = YES_ERROR;
				CLANG_WARN_DOCUMENTATION_COMMENTS = YES;
				CLANG_WARN_EMPTY_BODY = YES;
				CLANG_WARN_ENUM_CONVERSION = YES;
				CLANG_WARN_INFINITE_RECURSION = YES;
				CLANG_WARN_INT_CONVERSION = YES;
				CLANG_WARN_NON_LITERAL_NULL_CONVERSION = YES;
				CLANG_WARN_OBJC_IMPLICIT_RETAIN_SELF = YES;
				CLANG_WARN_OBJC_LITERAL_CONVERSION = YES;
				CLANG_WARN_OBJC_ROOT_CLASS = YES_ERROR;
				CLANG_WARN_QUOTED_INCLUDE_IN_FRAMEWORK_HEADER = YES;
				CLANG_WARN_RANGE_LOOP_ANALYSIS = YES;
				CLANG_WARN_STRICT_PROTOTYPES = YES;
				CLANG_WARN_SUSPICIOUS_MOVE = YES;
				CLANG_WARN_UNGUARDED_AVAILABILITY = YES_AGGRESSIVE;
				CLANG_WARN_UNREACHABLE_CODE = YES;
				CLANG_WARN__DUPLICATE_METHOD_MATCH = YES;
				COPY_PHASE_STRIP = NO;
				DEBUG_INFORMATION_FORMAT = "dwarf-with-dsym";
				ENABLE_NS_ASSERTIONS = NO;
				ENABLE_STRICT_OBJC_MSGSEND = YES;
				ENABLE_USER_SCRIPT_SANDBOXING = YES;
				GCC_C_LANGUAGE_STANDARD = gnu17;
				GCC_NO_COMMON_BLOCKS = YES;
				GCC_WARN_64_TO_32_BIT_CONVERSION = YES;
				GCC_WARN_ABOUT_RETURN_TYPE = YES_ERROR;
				GCC_WARN_UNDECLARED_SELECTOR = YES;
				GCC_WARN_UNINITIALIZED_AUTOS = YES_AGGRESSIVE;
				GCC_WARN_UNUSED_FUNCTION = YES;
				GCC_WARN_UNUSED_VARIABLE = YES;
				IPHONEOS_DEPLOYMENT_TARGET = 26.4;
				LOCALIZATION_PREFERS_STRING_CATALOGS = YES;
				MTL_ENABLE_DEBUG_INFO = NO;
				MTL_FAST_MATH = YES;
				SDKROOT = iphoneos;
				SWIFT_COMPILATION_MODE = wholemodule;
				VALIDATE_PRODUCT = YES;
			};
			name = Release;
		};
		B13404582FCE0D910012EB6E /* Debug */ = {
			isa = XCBuildConfiguration;
			baseConfigurationReference = B13405682FCE91100012EB6E /* Config.xcconfig */;
			buildSettings = {
				ASSETCATALOG_COMPILER_APPICON_NAME = AppIcon;
				ASSETCATALOG_COMPILER_GLOBAL_ACCENT_COLOR_NAME = AccentColor;
				CODE_SIGN_ENTITLEMENTS = EmpiricalTracker/EmpiricalTracker.entitlements;
				CODE_SIGN_STYLE = Automatic;
				CURRENT_PROJECT_VERSION = 1;
				DEVELOPMENT_TEAM = QA6NUTFPU6;
				ENABLE_PREVIEWS = YES;
				GENERATE_INFOPLIST_FILE = NO;
				INFOPLIST_FILE = EmpiricalTracker/Info.plist;
				LD_RUNPATH_SEARCH_PATHS = (
					"$(inherited)",
					"@executable_path/Frameworks",
				);
				MARKETING_VERSION = 1.0;
				PRODUCT_BUNDLE_IDENTIFIER = com.FaizMalik.EmpiricalTracker;
				PRODUCT_NAME = "$(TARGET_NAME)";
				STRING_CATALOG_GENERATE_SYMBOLS = YES;
				SWIFT_APPROACHABLE_CONCURRENCY = YES;
				SWIFT_DEFAULT_ACTOR_ISOLATION = MainActor;
				SWIFT_EMIT_LOC_STRINGS = YES;
				SWIFT_UPCOMING_FEATURE_MEMBER_IMPORT_VISIBILITY = YES;
				SWIFT_VERSION = 5.0;
				TARGETED_DEVICE_FAMILY = "1,2";
			};
			name = Debug;
		};
		B13404592FCE0D910012EB6E /* Release */ = {
			isa = XCBuildConfiguration;
			baseConfigurationReference = B13405682FCE91100012EB6E /* Config.xcconfig */;
			buildSettings = {
				ASSETCATALOG_COMPILER_APPICON_NAME = AppIcon;
				ASSETCATALOG_COMPILER_GLOBAL_ACCENT_COLOR_NAME = AccentColor;
				CODE_SIGN_ENTITLEMENTS = EmpiricalTracker/EmpiricalTracker.entitlements;
				CODE_SIGN_STYLE = Automatic;
				CURRENT_PROJECT_VERSION = 1;
				DEVELOPMENT_TEAM = QA6NUTFPU6;
				ENABLE_PREVIEWS = YES;
				GENERATE_INFOPLIST_FILE = NO;
				INFOPLIST_FILE = EmpiricalTracker/Info.plist;
				LD_RUNPATH_SEARCH_PATHS = (
					"$(inherited)",
					"@executable_path/Frameworks",
				);
				MARKETING_VERSION = 1.0;
				PRODUCT_BUNDLE_IDENTIFIER = com.FaizMalik.EmpiricalTracker;
				PRODUCT_NAME = "$(TARGET_NAME)";
				STRING_CATALOG_GENERATE_SYMBOLS = YES;
				SWIFT_APPROACHABLE_CONCURRENCY = YES;
				SWIFT_DEFAULT_ACTOR_ISOLATION = MainActor;
				SWIFT_EMIT_LOC_STRINGS = YES;
				SWIFT_UPCOMING_FEATURE_MEMBER_IMPORT_VISIBILITY = YES;
				SWIFT_VERSION = 5.0;
				TARGETED_DEVICE_FAMILY = "1,2";
			};
			name = Release;
		};
		B134045B2FCE0D910012EB6E /* Debug */ = {
			isa = XCBuildConfiguration;
			buildSettings = {
				BUNDLE_LOADER = "$(TEST_HOST)";
				CODE_SIGN_STYLE = Automatic;
				CURRENT_PROJECT_VERSION = 1;
				GENERATE_INFOPLIST_FILE = YES;
				IPHONEOS_DEPLOYMENT_TARGET = 26.4;
				MARKETING_VERSION = 1.0;
				PRODUCT_BUNDLE_IDENTIFIER = com.FaizMalik.EmpiricalTrackerTests;
				PRODUCT_NAME = "$(TARGET_NAME)";
				STRING_CATALOG_GENERATE_SYMBOLS = NO;
				SWIFT_APPROACHABLE_CONCURRENCY = YES;
				SWIFT_EMIT_LOC_STRINGS = NO;
				SWIFT_UPCOMING_FEATURE_MEMBER_IMPORT_VISIBILITY = YES;
				SWIFT_VERSION = 5.0;
				TARGETED_DEVICE_FAMILY = "1,2";
				TEST_HOST = "$(BUILT_PRODUCTS_DIR)/EmpiricalTracker.app/$(BUNDLE_EXECUTABLE_FOLDER_PATH)/EmpiricalTracker";
			};
			name = Debug;
		};
		B134045C2FCE0D910012EB6E /* Release */ = {
			isa = XCBuildConfiguration;
			buildSettings = {
				BUNDLE_LOADER = "$(TEST_HOST)";
				CODE_SIGN_STYLE = Automatic;
				CURRENT_PROJECT_VERSION = 1;
				GENERATE_INFOPLIST_FILE = YES;
				IPHONEOS_DEPLOYMENT_TARGET = 26.4;
				MARKETING_VERSION = 1.0;
				PRODUCT_BUNDLE_IDENTIFIER = com.FaizMalik.EmpiricalTrackerTests;
				PRODUCT_NAME = "$(TARGET_NAME)";
				STRING_CATALOG_GENERATE_SYMBOLS = NO;
				SWIFT_APPROACHABLE_CONCURRENCY = YES;
				SWIFT_EMIT_LOC_STRINGS = NO;
				SWIFT_UPCOMING_FEATURE_MEMBER_IMPORT_VISIBILITY = YES;
				SWIFT_VERSION = 5.0;
				TARGETED_DEVICE_FAMILY = "1,2";
				TEST_HOST = "$(BUILT_PRODUCTS_DIR)/EmpiricalTracker.app/$(BUNDLE_EXECUTABLE_FOLDER_PATH)/EmpiricalTracker";
			};
			name = Release;
		};
		B134045E2FCE0D910012EB6E /* Debug */ = {
			isa = XCBuildConfiguration;
			buildSettings = {
				CODE_SIGN_STYLE = Automatic;
				CURRENT_PROJECT_VERSION = 1;
				GENERATE_INFOPLIST_FILE = YES;
				MARKETING_VERSION = 1.0;
				PRODUCT_BUNDLE_IDENTIFIER = com.FaizMalik.EmpiricalTrackerUITests;
				PRODUCT_NAME = "$(TARGET_NAME)";
				STRING_CATALOG_GENERATE_SYMBOLS = NO;
				SWIFT_APPROACHABLE_CONCURRENCY = YES;
				SWIFT_EMIT_LOC_STRINGS = NO;
				SWIFT_UPCOMING_FEATURE_MEMBER_IMPORT_VISIBILITY = YES;
				SWIFT_VERSION = 5.0;
				TARGETED_DEVICE_FAMILY = "1,2";
				TEST_TARGET_NAME = EmpiricalTracker;
			};
			name = Debug;
		};
		B134045F2FCE0D910012EB6E /* Release */ = {
			isa = XCBuildConfiguration;
			buildSettings = {
				CODE_SIGN_STYLE = Automatic;
				CURRENT_PROJECT_VERSION = 1;
				GENERATE_INFOPLIST_FILE = YES;
				MARKETING_VERSION = 1.0;
				PRODUCT_BUNDLE_IDENTIFIER = com.FaizMalik.EmpiricalTrackerUITests;
				PRODUCT_NAME = "$(TARGET_NAME)";
				STRING_CATALOG_GENERATE_SYMBOLS = NO;
				SWIFT_APPROACHABLE_CONCURRENCY = YES;
				SWIFT_EMIT_LOC_STRINGS = NO;
				SWIFT_UPCOMING_FEATURE_MEMBER_IMPORT_VISIBILITY = YES;
				SWIFT_VERSION = 5.0;
				TARGETED_DEVICE_FAMILY = "1,2";
				TEST_TARGET_NAME = EmpiricalTracker;
			};
			name = Release;
		};
/* End XCBuildConfiguration section */

/* Begin XCConfigurationList section */
		B13404312FCE0D8E0012EB6E /* Build configuration list for PBXProject "EmpiricalTracker" */ = {
			isa = XCConfigurationList;
			buildConfigurations = (
				B13404552FCE0D910012EB6E /* Debug */,
				B13404562FCE0D910012EB6E /* Release */,
			);
			defaultConfigurationIsVisible = 0;
			defaultConfigurationName = Release;
		};
		B13404572FCE0D910012EB6E /* Build configuration list for PBXNativeTarget "EmpiricalTracker" */ = {
			isa = XCConfigurationList;
			buildConfigurations = (
				B13404582FCE0D910012EB6E /* Debug */,
				B13404592FCE0D910012EB6E /* Release */,
			);
			defaultConfigurationIsVisible = 0;
			defaultConfigurationName = Release;
		};
		B134045A2FCE0D910012EB6E /* Build configuration list for PBXNativeTarget "EmpiricalTrackerTests" */ = {
			isa = XCConfigurationList;
			buildConfigurations = (
				B134045B2FCE0D910012EB6E /* Debug */,
				B134045C2FCE0D910012EB6E /* Release */,
			);
			defaultConfigurationIsVisible = 0;
			defaultConfigurationName = Release;
		};
		B134045D2FCE0D910012EB6E /* Build configuration list for PBXNativeTarget "EmpiricalTrackerUITests" */ = {
			isa = XCConfigurationList;
			buildConfigurations = (
				B134045E2FCE0D910012EB6E /* Debug */,
				B134045F2FCE0D910012EB6E /* Release */,
			);
			defaultConfigurationIsVisible = 0;
			defaultConfigurationName = Release;
		};
/* End XCConfigurationList section */

/* Begin XCLocalSwiftPackageReference section */
		B134048D2FCE0F720012EB6E /* XCLocalSwiftPackageReference "Packages/Core" */ = {
			isa = XCLocalSwiftPackageReference;
			relativePath = Packages/Core;
		};
		B134048E2FCE0F8A0012EB6E /* XCLocalSwiftPackageReference "Packages/Biomarkers" */ = {
			isa = XCLocalSwiftPackageReference;
			relativePath = Packages/Biomarkers;
		};
		B134048F2FCE0F9E0012EB6E /* XCLocalSwiftPackageReference "Packages/DietEvents" */ = {
			isa = XCLocalSwiftPackageReference;
			relativePath = Packages/DietEvents;
		};
		B13404902FCE0FAB0012EB6E /* XCLocalSwiftPackageReference "Packages/FoodDiary" */ = {
			isa = XCLocalSwiftPackageReference;
			relativePath = Packages/FoodDiary;
		};
		B13404B22FCE20000012EB6E /* XCLocalSwiftPackageReference "Packages/MealPlans" */ = {
			isa = XCLocalSwiftPackageReference;
			relativePath = Packages/MealPlans;
		};
		B13404912FCE0FBA0012EB6E /* XCLocalSwiftPackageReference "Packages/BodyMetrics" */ = {
			isa = XCLocalSwiftPackageReference;
			relativePath = Packages/BodyMetrics;
		};
		B13404922FCE0FC90012EB6E /* XCLocalSwiftPackageReference "Packages/HealthSync" */ = {
			isa = XCLocalSwiftPackageReference;
			relativePath = Packages/HealthSync;
		};
		B13404932FCE0FDB0012EB6E /* XCLocalSwiftPackageReference "Packages/Account" */ = {
			isa = XCLocalSwiftPackageReference;
			relativePath = Packages/Account;
		};
		B13404A52FCE183D0012EB6E /* XCLocalSwiftPackageReference "Packages/Auth" */ = {
			isa = XCLocalSwiftPackageReference;
			relativePath = Packages/Auth;
		};
/* End XCLocalSwiftPackageReference section */

/* Begin XCSwiftPackageProductDependency section */
		B13404972FCE16CB0012EB6E /* Core */ = {
			isa = XCSwiftPackageProductDependency;
			package = B134048D2FCE0F720012EB6E /* XCLocalSwiftPackageReference "Packages/Core" */;
			productName = Core;
		};
		B13404992FCE16CF0012EB6E /* Biomarkers */ = {
			isa = XCSwiftPackageProductDependency;
			package = B134048E2FCE0F8A0012EB6E /* XCLocalSwiftPackageReference "Packages/Biomarkers" */;
			productName = Biomarkers;
		};
		B134049B2FCE16D50012EB6E /* DietEvents */ = {
			isa = XCSwiftPackageProductDependency;
			package = B134048F2FCE0F9E0012EB6E /* XCLocalSwiftPackageReference "Packages/DietEvents" */;
			productName = DietEvents;
		};
		B134049D2FCE16D80012EB6E /* FoodDiary */ = {
			isa = XCSwiftPackageProductDependency;
			package = B13404902FCE0FAB0012EB6E /* XCLocalSwiftPackageReference "Packages/FoodDiary" */;
			productName = FoodDiary;
		};
		B13404B12FCE20000012EB6E /* MealPlans */ = {
			isa = XCSwiftPackageProductDependency;
			package = B13404B22FCE20000012EB6E /* XCLocalSwiftPackageReference "Packages/MealPlans" */;
			productName = MealPlans;
		};
		B134049F2FCE16DC0012EB6E /* BodyMetrics */ = {
			isa = XCSwiftPackageProductDependency;
			package = B13404912FCE0FBA0012EB6E /* XCLocalSwiftPackageReference "Packages/BodyMetrics" */;
			productName = BodyMetrics;
		};
		B13404A12FCE16E30012EB6E /* HealthSync */ = {
			isa = XCSwiftPackageProductDependency;
			package = B13404922FCE0FC90012EB6E /* XCLocalSwiftPackageReference "Packages/HealthSync" */;
			productName = HealthSync;
		};
		B13404A32FCE16E70012EB6E /* Account */ = {
			isa = XCSwiftPackageProductDependency;
			package = B13404932FCE0FDB0012EB6E /* XCLocalSwiftPackageReference "Packages/Account" */;
			productName = Account;
		};
		B13404A62FCE18510012EB6E /* AppAuth */ = {
			isa = XCSwiftPackageProductDependency;
			package = B13404A52FCE183D0012EB6E /* XCLocalSwiftPackageReference "Packages/Auth" */;
			productName = AppAuth;
		};
/* End XCSwiftPackageProductDependency section */
	};
	rootObject = B134042E2FCE0D8E0012EB6E /* Project object */;
}
